// !$*UTF8*$!
{
	archiveVersion = 1;
	classes = {
	};
	objectVersion = 50;
	objects = {

/* Begin PBXBuildFile section */
		AA05792F25605CF4001FA8BE /* EPA.swift in Sources */ = {isa = PBXBuildFile; fileRef = AA05792E25605CF4001FA8BE /* EPA.swift */; };
		AA35E4862534C0DF00A6761C /* Geometry.swift in Sources */ = {isa = PBXBuildFile; fileRef = AA35E4852534C0DF00A6761C /* Geometry.swift */; };
		AA35E4892534C0E900A6761C /* Color.swift in Sources */ = {isa = PBXBuildFile; fileRef = AA35E4882534C0E900A6761C /* Color.swift */; };
		AA68B486255ECFBA0034421F /* System.swift in Sources */ = {isa = PBXBuildFile; fileRef = AA68B485255ECFBA0034421F /* System.swift */; };
		AA68B48A255ED3AB0034421F /* RigidBody.swift in Sources */ = {isa = PBXBuildFile; fileRef = AA68B489255ED3AB0034421F /* RigidBody.swift */; };
		AAAC5FE225378AEA002FA47B /* Transform.swift in Sources */ = {isa = PBXBuildFile; fileRef = AAAC5FE125378AEA002FA47B /* Transform.swift */; };
		AABD38272549E22000F3AA37 /* Intersector.swift in Sources */ = {isa = PBXBuildFile; fileRef = AABD38262549E22000F3AA37 /* Intersector.swift */; };
		AADF6E1D2530B55600681C64 /* AppDelegate.swift in Sources */ = {isa = PBXBuildFile; fileRef = AADF6E1C2530B55600681C64 /* AppDelegate.swift */; };
		AADF6E1F2530B55600681C64 /* ViewController.swift in Sources */ = {isa = PBXBuildFile; fileRef = AADF6E1E2530B55600681C64 /* ViewController.swift */; };
		AADF6E212530B55600681C64 /* Renderer.swift in Sources */ = {isa = PBXBuildFile; fileRef = AADF6E202530B55600681C64 /* Renderer.swift */; };
		AADF6E232530B55600681C64 /* Shaders.metal in Sources */ = {isa = PBXBuildFile; fileRef = AADF6E222530B55600681C64 /* Shaders.metal */; };
		AADF6E3E2530BCBE00681C64 /* main.swift in Sources */ = {isa = PBXBuildFile; fileRef = AADF6E3D2530BCBE00681C64 /* main.swift */; };
/* End PBXBuildFile section */

/* Begin PBXFileReference section */
		AA05792E25605CF4001FA8BE /* EPA.swift */ = {isa = PBXFileReference; lastKnownFileType = sourcecode.swift; path = EPA.swift; sourceTree = "<group>"; };
		AA35E4852534C0DF00A6761C /* Geometry.swift */ = {isa = PBXFileReference; lastKnownFileType = sourcecode.swift; path = Geometry.swift; sourceTree = "<group>"; };
		AA35E4882534C0E900A6761C /* Color.swift */ = {isa = PBXFileReference; lastKnownFileType = sourcecode.swift; path = Color.swift; sourceTree = "<group>"; };
		AA68B485255ECFBA0034421F /* System.swift */ = {isa = PBXFileReference; lastKnownFileType = sourcecode.swift; path = System.swift; sourceTree = "<group>"; };
		AA68B489255ED3AB0034421F /* RigidBody.swift */ = {isa = PBXFileReference; lastKnownFileType = sourcecode.swift; path = RigidBody.swift; sourceTree = "<group>"; };
		AAAC5FE125378AEA002FA47B /* Transform.swift */ = {isa = PBXFileReference; lastKnownFileType = sourcecode.swift; path = Transform.swift; sourceTree = "<group>"; };
		AABD38262549E22000F3AA37 /* Intersector.swift */ = {isa = PBXFileReference; lastKnownFileType = sourcecode.swift; path = Intersector.swift; sourceTree = "<group>"; };
		AADF6E192530B55600681C64 /* ConstraintsSolver.app */ = {isa = PBXFileReference; explicitFileType = wrapper.application; includeInIndex = 0; path = ConstraintsSolver.app; sourceTree = BUILT_PRODUCTS_DIR; };
		AADF6E1C2530B55600681C64 /* AppDelegate.swift */ = {isa = PBXFileReference; lastKnownFileType = sourcecode.swift; path = AppDelegate.swift; sourceTree = "<group>"; };
		AADF6E1E2530B55600681C64 /* ViewController.swift */ = {isa = PBXFileReference; lastKnownFileType = sourcecode.swift; path = ViewController.swift; sourceTree = "<group>"; };
		AADF6E202530B55600681C64 /* Renderer.swift */ = {isa = PBXFileReference; lastKnownFileType = sourcecode.swift; path = Renderer.swift; sourceTree = "<group>"; };
		AADF6E222530B55600681C64 /* Shaders.metal */ = {isa = PBXFileReference; lastKnownFileType = sourcecode.metal; path = Shaders.metal; sourceTree = "<group>"; };
		AADF6E242530B55600681C64 /* ShaderTypes.h */ = {isa = PBXFileReference; lastKnownFileType = sourcecode.c.h; path = ShaderTypes.h; sourceTree = "<group>"; };
		AADF6E2A2530B55800681C64 /* Info.plist */ = {isa = PBXFileReference; lastKnownFileType = text.plist.xml; path = Info.plist; sourceTree = "<group>"; };
		AADF6E3D2530BCBE00681C64 /* main.swift */ = {isa = PBXFileReference; lastKnownFileType = sourcecode.swift; path = main.swift; sourceTree = "<group>"; };
/* End PBXFileReference section */

/* Begin PBXFrameworksBuildPhase section */
		AADF6E162530B55600681C64 /* Frameworks */ = {
			isa = PBXFrameworksBuildPhase;
			buildActionMask = 2147483647;
			files = (
			);
			runOnlyForDeploymentPostprocessing = 0;
		};
/* End PBXFrameworksBuildPhase section */

/* Begin PBXGroup section */
		AADF6E102530B55600681C64 = {
			isa = PBXGroup;
			children = (
				AADF6E1B2530B55600681C64 /* ConstraintsSolver */,
				AADF6E1A2530B55600681C64 /* Products */,
			);
			sourceTree = "<group>";
		};
		AADF6E1A2530B55600681C64 /* Products */ = {
			isa = PBXGroup;
			children = (
				AADF6E192530B55600681C64 /* ConstraintsSolver.app */,
			);
			name = Products;
			sourceTree = "<group>";
		};
		AADF6E1B2530B55600681C64 /* ConstraintsSolver */ = {
			isa = PBXGroup;
			children = (
				AADF6E3D2530BCBE00681C64 /* main.swift */,
				AADF6E1C2530B55600681C64 /* AppDelegate.swift */,
				AADF6E1E2530B55600681C64 /* ViewController.swift */,
				AADF6E202530B55600681C64 /* Renderer.swift */,
				AA35E4852534C0DF00A6761C /* Geometry.swift */,
				AA68B489255ED3AB0034421F /* RigidBody.swift */,
				AA68B485255ECFBA0034421F /* System.swift */,
				AABD38262549E22000F3AA37 /* Intersector.swift */,
				AA05792E25605CF4001FA8BE /* EPA.swift */,
				AAAC5FE125378AEA002FA47B /* Transform.swift */,
				AA35E4882534C0E900A6761C /* Color.swift */,
				AADF6E222530B55600681C64 /* Shaders.metal */,
				AADF6E242530B55600681C64 /* ShaderTypes.h */,
				AADF6E2A2530B55800681C64 /* Info.plist */,
			);
			path = ConstraintsSolver;
			sourceTree = "<group>";
		};
/* End PBXGroup section */

/* Begin PBXNativeTarget section */
		AADF6E182530B55600681C64 /* ConstraintsSolver */ = {
			isa = PBXNativeTarget;
			buildConfigurationList = AADF6E2E2530B55800681C64 /* Build configuration list for PBXNativeTarget "ConstraintsSolver" */;
			buildPhases = (
				AADF6E152530B55600681C64 /* Sources */,
				AADF6E162530B55600681C64 /* Frameworks */,
				AADF6E172530B55600681C64 /* Resources */,
			);
			buildRules = (
			);
			dependencies = (
			);
			name = ConstraintsSolver;
			productName = ConstraintsSolver;
			productReference = AADF6E192530B55600681C64 /* ConstraintsSolver.app */;
			productType = "com.apple.product-type.application";
		};
/* End PBXNativeTarget section */

/* Begin PBXProject section */
		AADF6E112530B55600681C64 /* Project object */ = {
			isa = PBXProject;
			attributes = {
				LastSwiftUpdateCheck = 1200;
				LastUpgradeCheck = 1210;
				TargetAttributes = {
					AADF6E182530B55600681C64 = {
						CreatedOnToolsVersion = 12.0.1;
					};
				};
			};
			buildConfigurationList = AADF6E142530B55600681C64 /* Build configuration list for PBXProject "ConstraintsSolver" */;
			compatibilityVersion = "Xcode 9.3";
			developmentRegion = en;
			hasScannedForEncodings = 0;
			knownRegions = (
				en,
				Base,
			);
			mainGroup = AADF6E102530B55600681C64;
			productRefGroup = AADF6E1A2530B55600681C64 /* Products */;
			projectDirPath = "";
			projectRoot = "";
			targets = (
				AADF6E182530B55600681C64 /* ConstraintsSolver */,
			);
		};
/* End PBXProject section */

/* Begin PBXResourcesBuildPhase section */
		AADF6E172530B55600681C64 /* Resources */ = {
			isa = PBXResourcesBuildPhase;
			buildActionMask = 2147483647;
			files = (
			);
			runOnlyForDeploymentPostprocessing = 0;
		};
/* End PBXResourcesBuildPhase section */

/* Begin PBXSourcesBuildPhase section */
		AADF6E152530B55600681C64 /* Sources */ = {
			isa = PBXSourcesBuildPhase;
			buildActionMask = 2147483647;
			files = (
				AA68B486255ECFBA0034421F /* System.swift in Sources */,
				AADF6E232530B55600681C64 /* Shaders.metal in Sources */,
				AA35E4862534C0DF00A6761C /* Geometry.swift in Sources */,
				AA68B48A255ED3AB0034421F /* RigidBody.swift in Sources */,
				AA35E4892534C0E900A6761C /* Color.swift in Sources */,
				AADF6E3E2530BCBE00681C64 /* main.swift in Sources */,
				AADF6E1F2530B55600681C64 /* ViewController.swift in Sources */,
				AADF6E212530B55600681C64 /* Renderer.swift in Sources */,
				AAAC5FE225378AEA002FA47B /* Transform.swift in Sources */,
				AADF6E1D2530B55600681C64 /* AppDelegate.swift in Sources */,
				AA05792F25605CF4001FA8BE /* EPA.swift in Sources */,
				AABD38272549E22000F3AA37 /* Intersector.swift in Sources */,
			);
			runOnlyForDeploymentPostprocessing = 0;
		};
/* End PBXSourcesBuildPhase section */

/* Begin XCBuildConfiguration section */
		AADF6E2C2530B55800681C64 /* Debug */ = {
			isa = XCBuildConfiguration;
			buildSettings = {
				ALWAYS_SEARCH_USER_PATHS = NO;
				CLANG_ANALYZER_NONNULL = YES;
				CLANG_ANALYZER_NUMBER_OBJECT_CONVERSION = YES_AGGRESSIVE;
				CLANG_CXX_LANGUAGE_STANDARD = "gnu++14";
				CLANG_CXX_LIBRARY = "libc++";
				CLANG_ENABLE_MODULES = YES;
				CLANG_ENABLE_OBJC_ARC = YES;
				CLANG_ENABLE_OBJC_WEAK = YES;
				CLANG_WARN_BLOCK_CAPTURE_AUTORELEASING = YES;
				CLANG_WARN_BOOL_CONVERSION = YES;
				CLANG_WARN_COMMA = YES;
				CLANG_WARN_CONSTANT_CONVERSION = YES;
				CLANG_WARN_DEPRECATED_OBJC_IMPLEMENTATIONS = YES;
				CLANG_WARN_DIRECT_OBJC_ISA_USAGE = YES_ERROR;
				CLANG_WARN_DOCUMENTATION_COMMENTS = YES;
				CLANG_WARN_EMPTY_BODY = YES;
				CLANG_WARN_ENUM_CONVERSION = YES;
				CLANG_WARN_INFINITE_RECURSION = YES;
				CLANG_WARN_INT_CONVERSION = YES;
				CLANG_WARN_NON_LITERAL_NULL_CONVERSION = YES;
				CLANG_WARN_OBJC_IMPLICIT_RETAIN_SELF = YES;
				CLANG_WARN_OBJC_LITERAL_CONVERSION = YES;
				CLANG_WARN_OBJC_ROOT_CLASS = YES_ERROR;
				CLANG_WARN_QUOTED_INCLUDE_IN_FRAMEWORK_HEADER = YES;
				CLANG_WARN_RANGE_LOOP_ANALYSIS = YES;
				CLANG_WARN_STRICT_PROTOTYPES = YES;
				CLANG_WARN_SUSPICIOUS_MOVE = YES;
				CLANG_WARN_UNGUARDED_AVAILABILITY = YES_AGGRESSIVE;
				CLANG_WARN_UNREACHABLE_CODE = YES;
				CLANG_WARN__DUPLICATE_METHOD_MATCH = YES;
				COPY_PHASE_STRIP = NO;
				DEBUG_INFORMATION_FORMAT = dwarf;
				ENABLE_STRICT_OBJC_MSGSEND = YES;
				ENABLE_TESTABILITY = YES;
				GCC_C_LANGUAGE_STANDARD = gnu11;
				GCC_DYNAMIC_NO_PIC = NO;
				GCC_NO_COMMON_BLOCKS = YES;
				GCC_OPTIMIZATION_LEVEL = 0;
				GCC_PREPROCESSOR_DEFINITIONS = (
					"DEBUG=1",
					"$(inherited)",
				);
				GCC_WARN_64_TO_32_BIT_CONVERSION = YES;
				GCC_WARN_ABOUT_RETURN_TYPE = YES_ERROR;
				GCC_WARN_UNDECLARED_SELECTOR = YES;
				GCC_WARN_UNINITIALIZED_AUTOS = YES_AGGRESSIVE;
				GCC_WARN_UNUSED_FUNCTION = YES;
				GCC_WARN_UNUSED_VARIABLE = YES;
				MACOSX_DEPLOYMENT_TARGET = 10.15;
				MTL_ENABLE_DEBUG_INFO = INCLUDE_SOURCE;
				MTL_FAST_MATH = YES;
				ONLY_ACTIVE_ARCH = YES;
				SDKROOT = macosx;
				SWIFT_ACTIVE_COMPILATION_CONDITIONS = DEBUG;
				SWIFT_OPTIMIZATION_LEVEL = "-Onone";
			};
			name = Debug;
		};
		AADF6E2D2530B55800681C64 /* Release */ = {
			isa = XCBuildConfiguration;
			buildSettings = {
				ALWAYS_SEARCH_USER_PATHS = NO;
				CLANG_ANALYZER_NONNULL = YES;
				CLANG_ANALYZER_NUMBER_OBJECT_CONVERSION = YES_AGGRESSIVE;
				CLANG_CXX_LANGUAGE_STANDARD = "gnu++14";
				CLANG_CXX_LIBRARY = "libc++";
				CLANG_ENABLE_MODULES = YES;
				CLANG_ENABLE_OBJC_ARC = YES;
				CLANG_ENABLE_OBJC_WEAK = YES;
				CLANG_WARN_BLOCK_CAPTURE_AUTORELEASING = YES;
				CLANG_WARN_BOOL_CONVERSION = YES;
				CLANG_WARN_COMMA = YES;
				CLANG_WARN_CONSTANT_CONVERSION = YES;
				CLANG_WARN_DEPRECATED_OBJC_IMPLEMENTATIONS = YES;
				CLANG_WARN_DIRECT_OBJC_ISA_USAGE = YES_ERROR;
				CLANG_WARN_DOCUMENTATION_COMMENTS = YES;
				CLANG_WARN_EMPTY_BODY = YES;
				CLANG_WARN_ENUM_CONVERSION = YES;
				CLANG_WARN_INFINITE_RECURSION = YES;
				CLANG_WARN_INT_CONVERSION = YES;
				CLANG_WARN_NON_LITERAL_NULL_CONVERSION = YES;
				CLANG_WARN_OBJC_IMPLICIT_RETAIN_SELF = YES;
				CLANG_WARN_OBJC_LITERAL_CONVERSION = YES;
				CLANG_WARN_OBJC_ROOT_CLASS = YES_ERROR;
				CLANG_WARN_QUOTED_INCLUDE_IN_FRAMEWORK_HEADER = YES;
				CLANG_WARN_RANGE_LOOP_ANALYSIS = YES;
				CLANG_WARN_STRICT_PROTOTYPES = YES;
				CLANG_WARN_SUSPICIOUS_MOVE = YES;
				CLANG_WARN_UNGUARDED_AVAILABILITY = YES_AGGRESSIVE;
				CLANG_WARN_UNREACHABLE_CODE = YES;
				CLANG_WARN__DUPLICATE_METHOD_MATCH = YES;
				COPY_PHASE_STRIP = NO;
				DEBUG_INFORMATION_FORMAT = "dwarf-with-dsym";
				ENABLE_NS_ASSERTIONS = NO;
				ENABLE_STRICT_OBJC_MSGSEND = YES;
				GCC_C_LANGUAGE_STANDARD = gnu11;
				GCC_NO_COMMON_BLOCKS = YES;
				GCC_WARN_64_TO_32_BIT_CONVERSION = YES;
				GCC_WARN_ABOUT_RETURN_TYPE = YES_ERROR;
				GCC_WARN_UNDECLARED_SELECTOR = YES;
				GCC_WARN_UNINITIALIZED_AUTOS = YES_AGGRESSIVE;
				GCC_WARN_UNUSED_FUNCTION = YES;
				GCC_WARN_UNUSED_VARIABLE = YES;
				MACOSX_DEPLOYMENT_TARGET = 10.15;
				MTL_ENABLE_DEBUG_INFO = NO;
				MTL_FAST_MATH = YES;
				SDKROOT = macosx;
				SWIFT_COMPILATION_MODE = wholemodule;
				SWIFT_OPTIMIZATION_LEVEL = "-O";
			};
			name = Release;
		};
		AADF6E2F2530B55800681C64 /* Debug */ = {
			isa = XCBuildConfiguration;
			buildSettings = {
				ASSETCATALOG_COMPILER_GLOBAL_ACCENT_COLOR_NAME = AccentColor;
				CODE_SIGN_IDENTITY = "-";
				CODE_SIGN_STYLE = Automatic;
				COMBINE_HIDPI_IMAGES = YES;
				DEVELOPMENT_TEAM = 5GT3XJYJ5F;
				ENABLE_HARDENED_RUNTIME = YES;
				INFOPLIST_FILE = ConstraintsSolver/Info.plist;
				LD_RUNPATH_SEARCH_PATHS = (
					"$(inherited)",
					"@executable_path/../Frameworks",
				);
				PRODUCT_BUNDLE_IDENTIFIER = "jim-eckerlein.io.ConstraintsSolver";
				PRODUCT_NAME = "$(TARGET_NAME)";
				SWIFT_OBJC_BRIDGING_HEADER = "$(TARGET_NAME)/ShaderTypes.h";
				SWIFT_VERSION = 5.0;
			};
			name = Debug;
		};
		AADF6E302530B55800681C64 /* Release */ = {
			isa = XCBuildConfiguration;
			buildSettings = {
				ASSETCATALOG_COMPILER_GLOBAL_ACCENT_COLOR_NAME = AccentColor;
				CODE_SIGN_IDENTITY = "-";
				CODE_SIGN_STYLE = Automatic;
				COMBINE_HIDPI_IMAGES = YES;
				DEVELOPMENT_TEAM = 5GT3XJYJ5F;
				ENABLE_HARDENED_RUNTIME = YES;
				INFOPLIST_FILE = ConstraintsSolver/Info.plist;
				LD_RUNPATH_SEARCH_PATHS = (
					"$(inherited)",
					"@executable_path/../Frameworks",
				);
				PRODUCT_BUNDLE_IDENTIFIER = "jim-eckerlein.io.ConstraintsSolver";
				PRODUCT_NAME = "$(TARGET_NAME)";
				SWIFT_OBJC_BRIDGING_HEADER = "$(TARGET_NAME)/ShaderTypes.h";
				SWIFT_VERSION = 5.0;
			};
			name = Release;
		};
/* End XCBuildConfiguration section */

/* Begin XCConfigurationList section */
		AADF6E142530B55600681C64 /* Build configuration list for PBXProject "ConstraintsSolver" */ = {
			isa = XCConfigurationList;
			buildConfigurations = (
				AADF6E2C2530B55800681C64 /* Debug */,
				AADF6E2D2530B55800681C64 /* Release */,
			);
			defaultConfigurationIsVisible = 0;
			defaultConfigurationName = Release;
		};
		AADF6E2E2530B55800681C64 /* Build configuration list for PBXNativeTarget "ConstraintsSolver" */ = {
			isa = XCConfigurationList;
			buildConfigurations = (
				AADF6E2F2530B55800681C64 /* Debug */,
				AADF6E302530B55800681C64 /* Release */,
			);
			defaultConfigurationIsVisible = 0;
			defaultConfigurationName = Release;
		};
/* End XCConfigurationList section */
	};
	rootObject = AADF6E112530B55600681C64 /* Project object */;
}
